git.parasha.space/go/libs v1.1.0-3cbf5ce7b0b931920d00f2e01abce21d2f2bde95 h1:LEL+ntDtXSYsAfFYv71yWLFhTdbDUO1li+KctO/BXb0=
git.parasha.space/go/libs v1.1.0-3cbf5ce7b0b931920d00f2e01abce21d2f2bde95/go.mod h1:htkLKhY6kOJybfepJ75AB1w6I4Lt1+LGRk0d9vTMX/I=
github.com/davecgh/go-spew v1.1.1 h1:vj9j/u1bqnvCEfJOwUhtlOARqs3+rkHYY13jYWTU97c=
github.com/pmezard/go-difflib v1.0.0 h1:4DBwDE0NGyQoBHbLQYPwSUPoCMWR5BEzIk/f1lZbAQM=
github.com/stretchr/testify v1.7.5 h1:s5PTfem8p8EbKQOctVV53k6jCJt3UX4IEJzwh+C324Q=
gitlab.com/opennota/morph v1.0.5 h1:YXZnxclGyg8FVqgu6PSyxspj1VlsxZ3JltWAUEsiWVM=
gitlab.com/opennota/morph v1.0.5/go.mod h1:P0lWTg5VbqWj3r16fGK+fZ/0/kF0vGYvgWTPX5xxLsI=
gopkg.in/check.v1 v0.0.0-20161208181325-20d25e280405 h1:yhCVgyC4o1eVCa2tZl7eS0r+SDo693bJlVdllGtEeKM=
gopkg.in/check.v1 v0.0.0-20161208181325-20d25e280405/go.mod h1:Co6ibVJAznAaIkqp8huTwlJQCZ016jof/cbN4VW5Yz0=
gopkg.in/yaml.v3 v3.0.1 h1:fxVm/GzAzEWqLHuvctI91KS9hhNmmWOoWu0XTYJS7CA=
gopkg.in/yaml.v3 v3.0.1/go.mod h1:K4uyk7z7BCEPqu6E+C64Yfv1cQ7kz7rIZviUmN+EgEM=
